
Microsoft Visual Studio Solution File, Format Version 12.00
# Visual Studio Version 16
VisualStudioVersion = 16.0.31605.320
MinimumVisualStudioVersion = 10.0.40219.1
Project("{FAE04EC0-301F-11D3-BF4B-00C04F79EFBC}") = "RedRidingHood", "RedRidingHood.csproj", "{F5EB042A-EC1E-4892-A388-72BC8F77C3CC}"
EndProject
Global
	GlobalSection(SolutionConfigurationPlatforms) = preSolution
		Debug|Any CPU = Debug|Any CPU
		Release|Any CPU = Release|Any CPU
	EndGlobalSection
	GlobalSection(ProjectConfigurationPlatforms) = postSolution
		{F5EB042A-EC1E-4892-A388-72BC8F77C3CC}.Debug|Any CPU.ActiveCfg = Debug|Any CPU
		{F5EB042A-EC1E-4892-A388-72BC8F77C3CC}.Debug|Any CPU.Build.0 = Debug|Any CPU
		{F5EB042A-EC1E-4892-A388-72BC8F77C3CC}.Release|Any CPU.ActiveCfg = Release|Any CPU
		{F5EB042A-EC1E-4892-A388-72BC8F77C3CC}.Release|Any CPU.Build.0 = Release|Any CPU
	EndGlobalSection
	GlobalSection(SolutionProperties) = preSolution
		HideSolutionNode = FALSE
	EndGlobalSection
	GlobalSection(ExtensibilityGlobals) = postSolution
		SolutionGuid = {CCD1439D-6E4A-482A-9DC7-7A4FB84EFC19}
	EndGlobalSection
EndGlobal
